
Microsoft Visual Studio Solution File, Format Version 12.00
# Visual Studio Version 16
VisualStudioVersion = 16.0.30907.101
MinimumVisualStudioVersion = 10.0.40219.1
Project("{FAE04EC0-301F-11D3-BF4B-00C04F79EFBC}") = "OldFilesChecker", "OldFilesChecker.csproj", "{97EBD8BA-C325-461D-BBAF-9B8D2F3C3582}"
EndProject
Global
	GlobalSection(SolutionConfigurationPlatforms) = preSolution
		Debug|Any CPU = Debug|Any CPU
		Release|Any CPU = Release|Any CPU
	EndGlobalSection
	GlobalSection(ProjectConfigurationPlatforms) = postSolution
		{97EBD8BA-C325-461D-BBAF-9B8D2F3C3582}.Debug|Any CPU.ActiveCfg = Debug|Any CPU
		{97EBD8BA-C325-461D-BBAF-9B8D2F3C3582}.Debug|Any CPU.Build.0 = Debug|Any CPU
		{97EBD8BA-C325-461D-BBAF-9B8D2F3C3582}.Release|Any CPU.ActiveCfg = Release|Any CPU
		{97EBD8BA-C325-461D-BBAF-9B8D2F3C3582}.Release|Any CPU.Build.0 = Release|Any CPU
	EndGlobalSection
	GlobalSection(SolutionProperties) = preSolution
		HideSolutionNode = FALSE
	EndGlobalSection
	GlobalSection(ExtensibilityGlobals) = postSolution
		SolutionGuid = {5EC7BB6D-09A9-468F-BDA9-6DABE556665B}
	EndGlobalSection
EndGlobal
